{
    "version": 3,
    "terraform_version": "0.11.7",
    "serial": 27,
    "lineage": "8a4463b0-c456-d36c-28b6-0d656012925d",
    "modules": [
        {
            "path": [
                "root"
            ],
            "outputs": {},
            "resources": {
                "aws_instance.foo": {
                    "type": "aws_instance",
                    "depends_on": [
                        "aws_network_interface.foo"
                    ],
                    "primary": {
                        "id": "i-0d6bf7ff09d644947",
                        "attributes": {
                            "ami": "ami-22b9a343",
                            "associate_public_ip_address": "false",
                            "availability_zone": "us-west-2a",
                            "credit_specification.#": "1",
                            "credit_specification.0.cpu_credits": "standard",
                            "disable_api_termination": "false",
                            "ebs_block_device.#": "0",
                            "ebs_optimized": "false",
                            "ephemeral_block_device.#": "0",
                            "get_password_data": "false",
                            "iam_instance_profile": "",
                            "id": "i-0d6bf7ff09d644947",
                            "instance_state": "running",
                            "instance_type": "t2.micro",
                            "ipv6_addresses.#": "0",
                            "key_name": "Manas_instance",
                            "monitoring": "false",
                            "network_interface.#": "1",
                            "network_interface.1871759377.delete_on_termination": "false",
                            "network_interface.1871759377.device_index": "0",
                            "network_interface.1871759377.network_interface_id": "eni-da27e9d0",
                            "network_interface_id": "eni-da27e9d0",
                            "password_data": "",
                            "placement_group": "",
                            "primary_network_interface_id": "eni-da27e9d0",
                            "private_dns": "ip-172-16-10-100.us-west-2.compute.internal",
                            "private_ip": "172.16.10.100",
                            "public_dns": "",
                            "public_ip": "",
                            "root_block_device.#": "1",
                            "root_block_device.0.delete_on_termination": "true",
                            "root_block_device.0.iops": "0",
                            "root_block_device.0.volume_id": "vol-0193542723612f811",
                            "root_block_device.0.volume_size": "8",
                            "root_block_device.0.volume_type": "standard",
                            "security_groups.#": "0",
                            "source_dest_check": "true",
                            "subnet_id": "subnet-a44231ef",
                            "tags.%": "1",
                            "tags.Name": "Manas_result_EC2_1",
                            "tenancy": "default",
                            "volume_tags.%": "0",
                            "vpc_security_group_ids.#": "1",
                            "vpc_security_group_ids.1881266963": "sg-4a60ab39"
                        },
                        "meta": {
                            "e2bfb730-ecaa-11e6-8f88-34363bc7c4c0": {
                                "create": 600000000000,
                                "delete": 1200000000000,
                                "update": 600000000000
                            },
                            "schema_version": "1"
                        },
                        "tainted": false
                    },
                    "deposed": [],
                    "provider": "provider.aws"
                },
                "aws_network_interface.foo": {
                    "type": "aws_network_interface",
                    "depends_on": [
                        "aws_subnet.my_subnet"
                    ],
                    "primary": {
                        "id": "eni-da27e9d0",
                        "attributes": {
                            "attachment.#": "1",
                            "attachment.298656904.attachment_id": "eni-attach-98659c52",
                            "attachment.298656904.device_index": "0",
                            "attachment.298656904.instance": "i-0d6bf7ff09d644947",
                            "description": "",
                            "id": "eni-da27e9d0",
                            "private_dns_name": "",
                            "private_ip": "172.16.10.100",
                            "private_ips.#": "1",
                            "private_ips.2198773196": "172.16.10.100",
                            "security_groups.#": "1",
                            "security_groups.1881266963": "sg-4a60ab39",
                            "source_dest_check": "true",
                            "subnet_id": "subnet-a44231ef",
                            "tags.%": "1",
                            "tags.Name": "primary_network_interface"
                        },
                        "meta": {},
                        "tainted": false
                    },
                    "deposed": [],
                    "provider": "provider.aws"
                },
                "aws_subnet.my_subnet": {
                    "type": "aws_subnet",
                    "depends_on": [
                        "aws_vpc.Manas_result"
                    ],
                    "primary": {
                        "id": "subnet-a44231ef",
                        "attributes": {
                            "assign_ipv6_address_on_creation": "false",
                            "availability_zone": "us-west-2a",
                            "cidr_block": "172.16.10.0/24",
                            "id": "subnet-a44231ef",
                            "map_public_ip_on_launch": "false",
                            "tags.%": "1",
                            "tags.Name": "Manas_result_SB_1",
                            "vpc_id": "vpc-9fe723e7"
                        },
                        "meta": {
                            "schema_version": "1"
                        },
                        "tainted": false
                    },
                    "deposed": [],
                    "provider": "provider.aws"
                },
                "aws_vpc.Manas_result": {
                    "type": "aws_vpc",
                    "depends_on": [
                        "local.cidr_block"
                    ],
                    "primary": {
                        "id": "vpc-9fe723e7",
                        "attributes": {
                            "assign_generated_ipv6_cidr_block": "false",
                            "cidr_block": "172.16.0.0/16",
                            "default_network_acl_id": "acl-ead88492",
                            "default_route_table_id": "rtb-895ef8f2",
                            "default_security_group_id": "sg-4a60ab39",
                            "dhcp_options_id": "dopt-519a8228",
                            "enable_classiclink": "false",
                            "enable_classiclink_dns_support": "false",
                            "enable_dns_hostnames": "false",
                            "enable_dns_support": "true",
                            "id": "vpc-9fe723e7",
                            "instance_tenancy": "default",
                            "main_route_table_id": "rtb-895ef8f2",
                            "tags.%": "1",
                            "tags.Name": "Manas_result_VPC_1"
                        },
                        "meta": {
                            "schema_version": "1"
                        },
                        "tainted": false
                    },
                    "deposed": [],
                    "provider": "provider.aws"
                }
            },
            "depends_on": []
        }
    ]
}
